
Microsoft Visual Studio Solution File, Format Version 12.00
# Visual Studio Version 17
VisualStudioVersion = 17.5.002.0
MinimumVisualStudioVersion = 10.0.40219.1
Project("{9A19103F-16F7-4668-BE54-9A1E7A4F7556}") = "prusa-camera", "prusa-camera.csproj", "{DF76B202-B18A-4B62-A197-AC2B70920E7C}"
EndProject
Global
	GlobalSection(SolutionConfigurationPlatforms) = preSolution
		Debug|Any CPU = Debug|Any CPU
		Release|Any CPU = Release|Any CPU
	EndGlobalSection
	GlobalSection(ProjectConfigurationPlatforms) = postSolution
		{DF76B202-B18A-4B62-A197-AC2B70920E7C}.Debug|Any CPU.ActiveCfg = Debug|Any CPU
		{DF76B202-B18A-4B62-A197-AC2B70920E7C}.Debug|Any CPU.Build.0 = Debug|Any CPU
		{DF76B202-B18A-4B62-A197-AC2B70920E7C}.Release|Any CPU.ActiveCfg = Release|Any CPU
		{DF76B202-B18A-4B62-A197-AC2B70920E7C}.Release|Any CPU.Build.0 = Release|Any CPU
	EndGlobalSection
	GlobalSection(SolutionProperties) = preSolution
		HideSolutionNode = FALSE
	EndGlobalSection
	GlobalSection(ExtensibilityGlobals) = postSolution
		SolutionGuid = {30357B22-F099-4B5A-A284-57D5C7B4520C}
	EndGlobalSection
EndGlobal
